// !$*UTF8*$!
{
	archiveVersion = 1;
	classes = {
	};
	objectVersion = 48;
	objects = {

/* Begin PBXBuildFile section */
		C9E6815FBB3CFAAA919E1E55 /* Pods_Cocoapods2.framework in Frameworks */ = {isa = PBXBuildFile; fileRef = 865E735B54C701F2DF565BB3 /* Pods_Cocoapods2.framework */; };
		D1BAF0AF223398A513B98946 /* Pods_Cocoapods2UITests.framework in Frameworks */ = {isa = PBXBuildFile; fileRef = 1396C42B0DB4F287A180E9CA /* Pods_Cocoapods2UITests.framework */; };
		E6FEC169C463042ED6EC127C /* Pods_Cocoapods2Tests.framework in Frameworks */ = {isa = PBXBuildFile; fileRef = 4D9EDBEF7D5F35819DF6CB06 /* Pods_Cocoapods2Tests.framework */; };
		EE6C963320412AE300755621 /* AppDelegate.swift in Sources */ = {isa = PBXBuildFile; fileRef = EE6C963220412AE300755621 /* AppDelegate.swift */; };
		EE6C963520412AE300755621 /* ViewController.swift in Sources */ = {isa = PBXBuildFile; fileRef = EE6C963420412AE300755621 /* ViewController.swift */; };
		EE6C963820412AE300755621 /* Main.storyboard in Resources */ = {isa = PBXBuildFile; fileRef = EE6C963620412AE300755621 /* Main.storyboard */; };
		EE6C963A20412AE300755621 /* Assets.xcassets in Resources */ = {isa = PBXBuildFile; fileRef = EE6C963920412AE300755621 /* Assets.xcassets */; };
		EE6C963D20412AE300755621 /* LaunchScreen.storyboard in Resources */ = {isa = PBXBuildFile; fileRef = EE6C963B20412AE300755621 /* LaunchScreen.storyboard */; };
		EE6C964820412AE300755621 /* Cocoapods2Tests.swift in Sources */ = {isa = PBXBuildFile; fileRef = EE6C964720412AE300755621 /* Cocoapods2Tests.swift */; };
		EE6C965320412AE300755621 /* Cocoapods2UITests.swift in Sources */ = {isa = PBXBuildFile; fileRef = EE6C965220412AE300755621 /* Cocoapods2UITests.swift */; };
		EE6C966120412B5500755621 /* kawaii.jpg in Resources */ = {isa = PBXBuildFile; fileRef = EE6C966020412B5500755621 /* kawaii.jpg */; };
/* End PBXBuildFile section */

/* Begin PBXContainerItemProxy section */
		EE6C964420412AE300755621 /* PBXContainerItemProxy */ = {
			isa = PBXContainerItemProxy;
			containerPortal = EE6C962720412AE300755621 /* Project object */;
			proxyType = 1;
			remoteGlobalIDString = EE6C962E20412AE300755621;
			remoteInfo = Cocoapods2;
		};
		EE6C964F20412AE300755621 /* PBXContainerItemProxy */ = {
			isa = PBXContainerItemProxy;
			containerPortal = EE6C962720412AE300755621 /* Project object */;
			proxyType = 1;
			remoteGlobalIDString = EE6C962E20412AE300755621;
			remoteInfo = Cocoapods2;
		};
/* End PBXContainerItemProxy section */

/* Begin PBXFileReference section */
		1396C42B0DB4F287A180E9CA /* Pods_Cocoapods2UITests.framework */ = {isa = PBXFileReference; explicitFileType = wrapper.framework; includeInIndex = 0; path = Pods_Cocoapods2UITests.framework; sourceTree = BUILT_PRODUCTS_DIR; };
		179F161404DBF259BE820510 /* Pods-Cocoapods2UITests.debug.xcconfig */ = {isa = PBXFileReference; includeInIndex = 1; lastKnownFileType = text.xcconfig; name = "Pods-Cocoapods2UITests.debug.xcconfig"; path = "Pods/Target Support Files/Pods-Cocoapods2UITests/Pods-Cocoapods2UITests.debug.xcconfig"; sourceTree = "<group>"; };
		4D9EDBEF7D5F35819DF6CB06 /* Pods_Cocoapods2Tests.framework */ = {isa = PBXFileReference; explicitFileType = wrapper.framework; includeInIndex = 0; path = Pods_Cocoapods2Tests.framework; sourceTree = BUILT_PRODUCTS_DIR; };
		523F706135523C008F101996 /* Pods-Cocoapods2UITests.release.xcconfig */ = {isa = PBXFileReference; includeInIndex = 1; lastKnownFileType = text.xcconfig; name = "Pods-Cocoapods2UITests.release.xcconfig"; path = "Pods/Target Support Files/Pods-Cocoapods2UITests/Pods-Cocoapods2UITests.release.xcconfig"; sourceTree = "<group>"; };
		865E735B54C701F2DF565BB3 /* Pods_Cocoapods2.framework */ = {isa = PBXFileReference; explicitFileType = wrapper.framework; includeInIndex = 0; path = Pods_Cocoapods2.framework; sourceTree = BUILT_PRODUCTS_DIR; };
		8A36C94B464763EE39275F49 /* Pods-Cocoapods2Tests.release.xcconfig */ = {isa = PBXFileReference; includeInIndex = 1; lastKnownFileType = text.xcconfig; name = "Pods-Cocoapods2Tests.release.xcconfig"; path = "Pods/Target Support Files/Pods-Cocoapods2Tests/Pods-Cocoapods2Tests.release.xcconfig"; sourceTree = "<group>"; };
		AC56EF800F33B1135AFFD80E /* Pods-Cocoapods2.release.xcconfig */ = {isa = PBXFileReference; includeInIndex = 1; lastKnownFileType = text.xcconfig; name = "Pods-Cocoapods2.release.xcconfig"; path = "Pods/Target Support Files/Pods-Cocoapods2/Pods-Cocoapods2.release.xcconfig"; sourceTree = "<group>"; };
		CE0DC026DECE1E0B4ACDBA49 /* Pods-Cocoapods2Tests.debug.xcconfig */ = {isa = PBXFileReference; includeInIndex = 1; lastKnownFileType = text.xcconfig; name = "Pods-Cocoapods2Tests.debug.xcconfig"; path = "Pods/Target Support Files/Pods-Cocoapods2Tests/Pods-Cocoapods2Tests.debug.xcconfig"; sourceTree = "<group>"; };
		D20121643CC579F2EC9EAB33 /* Pods-Cocoapods2.debug.xcconfig */ = {isa = PBXFileReference; includeInIndex = 1; lastKnownFileType = text.xcconfig; name = "Pods-Cocoapods2.debug.xcconfig"; path = "Pods/Target Support Files/Pods-Cocoapods2/Pods-Cocoapods2.debug.xcconfig"; sourceTree = "<group>"; };
		EE6C962F20412AE300755621 /* Cocoapods2.app */ = {isa = PBXFileReference; explicitFileType = wrapper.application; includeInIndex = 0; path = Cocoapods2.app; sourceTree = BUILT_PRODUCTS_DIR; };
		EE6C963220412AE300755621 /* AppDelegate.swift */ = {isa = PBXFileReference; lastKnownFileType = sourcecode.swift; path = AppDelegate.swift; sourceTree = "<group>"; };
		EE6C963420412AE300755621 /* ViewController.swift */ = {isa = PBXFileReference; lastKnownFileType = sourcecode.swift; path = ViewController.swift; sourceTree = "<group>"; };
		EE6C963720412AE300755621 /* Base */ = {isa = PBXFileReference; lastKnownFileType = file.storyboard; name = Base; path = Base.lproj/Main.storyboard; sourceTree = "<group>"; };
		EE6C963920412AE300755621 /* Assets.xcassets */ = {isa = PBXFileReference; lastKnownFileType = folder.assetcatalog; path = Assets.xcassets; sourceTree = "<group>"; };
		EE6C963C20412AE300755621 /* Base */ = {isa = PBXFileReference; lastKnownFileType = file.storyboard; name = Base; path = Base.lproj/LaunchScreen.storyboard; sourceTree = "<group>"; };
		EE6C963E20412AE300755621 /* Info.plist */ = {isa = PBXFileReference; lastKnownFileType = text.plist.xml; path = Info.plist; sourceTree = "<group>"; };
		EE6C964320412AE300755621 /* Cocoapods2Tests.xctest */ = {isa = PBXFileReference; explicitFileType = wrapper.cfbundle; includeInIndex = 0; path = Cocoapods2Tests.xctest; sourceTree = BUILT_PRODUCTS_DIR; };
		EE6C964720412AE300755621 /* Cocoapods2Tests.swift */ = {isa = PBXFileReference; lastKnownFileType = sourcecode.swift; path = Cocoapods2Tests.swift; sourceTree = "<group>"; };
		EE6C964920412AE300755621 /* Info.plist */ = {isa = PBXFileReference; lastKnownFileType = text.plist.xml; path = Info.plist; sourceTree = "<group>"; };
		EE6C964E20412AE300755621 /* Cocoapods2UITests.xctest */ = {isa = PBXFileReference; explicitFileType = wrapper.cfbundle; includeInIndex = 0; path = Cocoapods2UITests.xctest; sourceTree = BUILT_PRODUCTS_DIR; };
		EE6C965220412AE300755621 /* Cocoapods2UITests.swift */ = {isa = PBXFileReference; lastKnownFileType = sourcecode.swift; path = Cocoapods2UITests.swift; sourceTree = "<group>"; };
		EE6C965420412AE300755621 /* Info.plist */ = {isa = PBXFileReference; lastKnownFileType = text.plist.xml; path = Info.plist; sourceTree = "<group>"; };
		EE6C966020412B5500755621 /* kawaii.jpg */ = {isa = PBXFileReference; lastKnownFileType = image.jpeg; name = kawaii.jpg; path = ../../kawaii.jpg; sourceTree = "<group>"; };
/* End PBXFileReference section */

/* Begin PBXFrameworksBuildPhase section */
		EE6C962C20412AE300755621 /* Frameworks */ = {
			isa = PBXFrameworksBuildPhase;
			buildActionMask = 2147483647;
			files = (
				C9E6815FBB3CFAAA919E1E55 /* Pods_Cocoapods2.framework in Frameworks */,
			);
			runOnlyForDeploymentPostprocessing = 0;
		};
		EE6C964020412AE300755621 /* Frameworks */ = {
			isa = PBXFrameworksBuildPhase;
			buildActionMask = 2147483647;
			files = (
				E6FEC169C463042ED6EC127C /* Pods_Cocoapods2Tests.framework in Frameworks */,
			);
			runOnlyForDeploymentPostprocessing = 0;
		};
		EE6C964B20412AE300755621 /* Frameworks */ = {
			isa = PBXFrameworksBuildPhase;
			buildActionMask = 2147483647;
			files = (
				D1BAF0AF223398A513B98946 /* Pods_Cocoapods2UITests.framework in Frameworks */,
			);
			runOnlyForDeploymentPostprocessing = 0;
		};
/* End PBXFrameworksBuildPhase section */

/* Begin PBXGroup section */
		2E60328375BB40EDCF0C5131 /* Frameworks */ = {
			isa = PBXGroup;
			children = (
				865E735B54C701F2DF565BB3 /* Pods_Cocoapods2.framework */,
				4D9EDBEF7D5F35819DF6CB06 /* Pods_Cocoapods2Tests.framework */,
				1396C42B0DB4F287A180E9CA /* Pods_Cocoapods2UITests.framework */,
			);
			name = Frameworks;
			sourceTree = "<group>";
		};
		3A897D99D90FDD9B240AC2DB /* Pods */ = {
			isa = PBXGroup;
			children = (
				D20121643CC579F2EC9EAB33 /* Pods-Cocoapods2.debug.xcconfig */,
				AC56EF800F33B1135AFFD80E /* Pods-Cocoapods2.release.xcconfig */,
				CE0DC026DECE1E0B4ACDBA49 /* Pods-Cocoapods2Tests.debug.xcconfig */,
				8A36C94B464763EE39275F49 /* Pods-Cocoapods2Tests.release.xcconfig */,
				179F161404DBF259BE820510 /* Pods-Cocoapods2UITests.debug.xcconfig */,
				523F706135523C008F101996 /* Pods-Cocoapods2UITests.release.xcconfig */,
			);
			name = Pods;
			sourceTree = "<group>";
		};
		EE6C962620412AE300755621 = {
			isa = PBXGroup;
			children = (
				EE6C963120412AE300755621 /* Cocoapods2 */,
				EE6C964620412AE300755621 /* Cocoapods2Tests */,
				EE6C965120412AE300755621 /* Cocoapods2UITests */,
				EE6C963020412AE300755621 /* Products */,
				3A897D99D90FDD9B240AC2DB /* Pods */,
				2E60328375BB40EDCF0C5131 /* Frameworks */,
			);
			sourceTree = "<group>";
		};
		EE6C963020412AE300755621 /* Products */ = {
			isa = PBXGroup;
			children = (
				EE6C962F20412AE300755621 /* Cocoapods2.app */,
				EE6C964320412AE300755621 /* Cocoapods2Tests.xctest */,
				EE6C964E20412AE300755621 /* Cocoapods2UITests.xctest */,
			);
			name = Products;
			sourceTree = "<group>";
		};
		EE6C963120412AE300755621 /* Cocoapods2 */ = {
			isa = PBXGroup;
			children = (
				EE6C963220412AE300755621 /* AppDelegate.swift */,
				EE6C963420412AE300755621 /* ViewController.swift */,
				EE6C966020412B5500755621 /* kawaii.jpg */,
				EE6C963620412AE300755621 /* Main.storyboard */,
				EE6C963920412AE300755621 /* Assets.xcassets */,
				EE6C963B20412AE300755621 /* LaunchScreen.storyboard */,
				EE6C963E20412AE300755621 /* Info.plist */,
			);
			path = Cocoapods2;
			sourceTree = "<group>";
		};
		EE6C964620412AE300755621 /* Cocoapods2Tests */ = {
			isa = PBXGroup;
			children = (
				EE6C964720412AE300755621 /* Cocoapods2Tests.swift */,
				EE6C964920412AE300755621 /* Info.plist */,
			);
			path = Cocoapods2Tests;
			sourceTree = "<group>";
		};
		EE6C965120412AE300755621 /* Cocoapods2UITests */ = {
			isa = PBXGroup;
			children = (
				EE6C965220412AE300755621 /* Cocoapods2UITests.swift */,
				EE6C965420412AE300755621 /* Info.plist */,
			);
			path = Cocoapods2UITests;
			sourceTree = "<group>";
		};
/* End PBXGroup section */

/* Begin PBXNativeTarget section */
		EE6C962E20412AE300755621 /* Cocoapods2 */ = {
			isa = PBXNativeTarget;
			buildConfigurationList = EE6C965720412AE300755621 /* Build configuration list for PBXNativeTarget "Cocoapods2" */;
			buildPhases = (
				626A5E49DD0B00A8D3A01B3C /* [CP] Check Pods Manifest.lock */,
				EE6C962B20412AE300755621 /* Sources */,
				EE6C962C20412AE300755621 /* Frameworks */,
				EE6C962D20412AE300755621 /* Resources */,
				FBC1BF65B4C50D6AA9D4D3EF /* [CP] Embed Pods Frameworks */,
				1E037024C4C67D58453CC978 /* [CP] Copy Pods Resources */,
			);
			buildRules = (
			);
			dependencies = (
			);
			name = Cocoapods2;
			productName = Cocoapods2;
			productReference = EE6C962F20412AE300755621 /* Cocoapods2.app */;
			productType = "com.apple.product-type.application";
		};
		EE6C964220412AE300755621 /* Cocoapods2Tests */ = {
			isa = PBXNativeTarget;
			buildConfigurationList = EE6C965A20412AE300755621 /* Build configuration list for PBXNativeTarget "Cocoapods2Tests" */;
			buildPhases = (
				2D190B9D26AF82EEF9731504 /* [CP] Check Pods Manifest.lock */,
				EE6C963F20412AE300755621 /* Sources */,
				EE6C964020412AE300755621 /* Frameworks */,
				EE6C964120412AE300755621 /* Resources */,
				EB9F8125D972408990AAE28B /* [CP] Embed Pods Frameworks */,
				65EB2FC0C0BF17CE36DEE716 /* [CP] Copy Pods Resources */,
			);
			buildRules = (
			);
			dependencies = (
				EE6C964520412AE300755621 /* PBXTargetDependency */,
			);
			name = Cocoapods2Tests;
			productName = Cocoapods2Tests;
			productReference = EE6C964320412AE300755621 /* Cocoapods2Tests.xctest */;
			productType = "com.apple.product-type.bundle.unit-test";
		};
		EE6C964D20412AE300755621 /* Cocoapods2UITests */ = {
			isa = PBXNativeTarget;
			buildConfigurationList = EE6C965D20412AE300755621 /* Build configuration list for PBXNativeTarget "Cocoapods2UITests" */;
			buildPhases = (
				2C586A7ACF35B9CE69081B4D /* [CP] Check Pods Manifest.lock */,
				EE6C964A20412AE300755621 /* Sources */,
				EE6C964B20412AE300755621 /* Frameworks */,
				EE6C964C20412AE300755621 /* Resources */,
				7FC4DE51401B4500954BE507 /* [CP] Embed Pods Frameworks */,
				EF9FE060D2738F02099FB320 /* [CP] Copy Pods Resources */,
			);
			buildRules = (
			);
			dependencies = (
				EE6C965020412AE300755621 /* PBXTargetDependency */,
			);
			name = Cocoapods2UITests;
			productName = Cocoapods2UITests;
			productReference = EE6C964E20412AE300755621 /* Cocoapods2UITests.xctest */;
			productType = "com.apple.product-type.bundle.ui-testing";
		};
/* End PBXNativeTarget section */

/* Begin PBXProject section */
		EE6C962720412AE300755621 /* Project object */ = {
			isa = PBXProject;
			attributes = {
				LastSwiftUpdateCheck = 0920;
				LastUpgradeCheck = 0920;
				ORGANIZATIONNAME = "Maho Misumi";
				TargetAttributes = {
					EE6C962E20412AE300755621 = {
						CreatedOnToolsVersion = 9.2;
						ProvisioningStyle = Automatic;
					};
					EE6C964220412AE300755621 = {
						CreatedOnToolsVersion = 9.2;
						ProvisioningStyle = Automatic;
						TestTargetID = EE6C962E20412AE300755621;
					};
					EE6C964D20412AE300755621 = {
						CreatedOnToolsVersion = 9.2;
						ProvisioningStyle = Automatic;
						TestTargetID = EE6C962E20412AE300755621;
					};
				};
			};
			buildConfigurationList = EE6C962A20412AE300755621 /* Build configuration list for PBXProject "Cocoapods2" */;
			compatibilityVersion = "Xcode 8.0";
			developmentRegion = en;
			hasScannedForEncodings = 0;
			knownRegions = (
				en,
				Base,
			);
			mainGroup = EE6C962620412AE300755621;
			productRefGroup = EE6C963020412AE300755621 /* Products */;
			projectDirPath = "";
			projectRoot = "";
			targets = (
				EE6C962E20412AE300755621 /* Cocoapods2 */,
				EE6C964220412AE300755621 /* Cocoapods2Tests */,
				EE6C964D20412AE300755621 /* Cocoapods2UITests */,
			);
		};
/* End PBXProject section */

/* Begin PBXResourcesBuildPhase section */
		EE6C962D20412AE300755621 /* Resources */ = {
			isa = PBXResourcesBuildPhase;
			buildActionMask = 2147483647;
			files = (
				EE6C963D20412AE300755621 /* LaunchScreen.storyboard in Resources */,
				EE6C963A20412AE300755621 /* Assets.xcassets in Resources */,
				EE6C963820412AE300755621 /* Main.storyboard in Resources */,
				EE6C966120412B5500755621 /* kawaii.jpg in Resources */,
			);
			runOnlyForDeploymentPostprocessing = 0;
		};
		EE6C964120412AE300755621 /* Resources */ = {
			isa = PBXResourcesBuildPhase;
			buildActionMask = 2147483647;
			files = (
			);
			runOnlyForDeploymentPostprocessing = 0;
		};
		EE6C964C20412AE300755621 /* Resources */ = {
			isa = PBXResourcesBuildPhase;
			buildActionMask = 2147483647;
			files = (
			);
			runOnlyForDeploymentPostprocessing = 0;
		};
/* End PBXResourcesBuildPhase section */

/* Begin PBXShellScriptBuildPhase section */
		1E037024C4C67D58453CC978 /* [CP] Copy Pods Resources */ = {
			isa = PBXShellScriptBuildPhase;
			buildActionMask = 2147483647;
			files = (
			);
			inputPaths = (
			);
			name = "[CP] Copy Pods Resources";
			outputPaths = (
			);
			runOnlyForDeploymentPostprocessing = 0;
			shellPath = /bin/sh;
			shellScript = "\"${SRCROOT}/Pods/Target Support Files/Pods-Cocoapods2/Pods-Cocoapods2-resources.sh\"\n";
			showEnvVarsInLog = 0;
		};
		2C586A7ACF35B9CE69081B4D /* [CP] Check Pods Manifest.lock */ = {
			isa = PBXShellScriptBuildPhase;
			buildActionMask = 2147483647;
			files = (
			);
			inputPaths = (
				"${PODS_PODFILE_DIR_PATH}/Podfile.lock",
				"${PODS_ROOT}/Manifest.lock",
			);
			name = "[CP] Check Pods Manifest.lock";
			outputPaths = (
				"$(DERIVED_FILE_DIR)/Pods-Cocoapods2UITests-checkManifestLockResult.txt",
			);
			runOnlyForDeploymentPostprocessing = 0;
			shellPath = /bin/sh;
			shellScript = "diff \"${PODS_PODFILE_DIR_PATH}/Podfile.lock\" \"${PODS_ROOT}/Manifest.lock\" > /dev/null\nif [ $? != 0 ] ; then\n    # print error to STDERR\n    echo \"error: The sandbox is not in sync with the Podfile.lock. Run 'pod install' or update your CocoaPods installation.\" >&2\n    exit 1\nfi\n# This output is used by Xcode 'outputs' to avoid re-running this script phase.\necho \"SUCCESS\" > \"${SCRIPT_OUTPUT_FILE_0}\"\n";
			showEnvVarsInLog = 0;
		};
		2D190B9D26AF82EEF9731504 /* [CP] Check Pods Manifest.lock */ = {
			isa = PBXShellScriptBuildPhase;
			buildActionMask = 2147483647;
			files = (
			);
			inputPaths = (
				"${PODS_PODFILE_DIR_PATH}/Podfile.lock",
				"${PODS_ROOT}/Manifest.lock",
			);
			name = "[CP] Check Pods Manifest.lock";
			outputPaths = (
				"$(DERIVED_FILE_DIR)/Pods-Cocoapods2Tests-checkManifestLockResult.txt",
			);
			runOnlyForDeploymentPostprocessing = 0;
			shellPath = /bin/sh;
			shellScript = "diff \"${PODS_PODFILE_DIR_PATH}/Podfile.lock\" \"${PODS_ROOT}/Manifest.lock\" > /dev/null\nif [ $? != 0 ] ; then\n    # print error to STDERR\n    echo \"error: The sandbox is not in sync with the Podfile.lock. Run 'pod install' or update your CocoaPods installation.\" >&2\n    exit 1\nfi\n# This output is used by Xcode 'outputs' to avoid re-running this script phase.\necho \"SUCCESS\" > \"${SCRIPT_OUTPUT_FILE_0}\"\n";
			showEnvVarsInLog = 0;
		};
		626A5E49DD0B00A8D3A01B3C /* [CP] Check Pods Manifest.lock */ = {
			isa = PBXShellScriptBuildPhase;
			buildActionMask = 2147483647;
			files = (
			);
			inputPaths = (
				"${PODS_PODFILE_DIR_PATH}/Podfile.lock",
				"${PODS_ROOT}/Manifest.lock",
			);
			name = "[CP] Check Pods Manifest.lock";
			outputPaths = (
				"$(DERIVED_FILE_DIR)/Pods-Cocoapods2-checkManifestLockResult.txt",
			);
			runOnlyForDeploymentPostprocessing = 0;
			shellPath = /bin/sh;
			shellScript = "diff \"${PODS_PODFILE_DIR_PATH}/Podfile.lock\" \"${PODS_ROOT}/Manifest.lock\" > /dev/null\nif [ $? != 0 ] ; then\n    # print error to STDERR\n    echo \"error: The sandbox is not in sync with the Podfile.lock. Run 'pod install' or update your CocoaPods installation.\" >&2\n    exit 1\nfi\n# This output is used by Xcode 'outputs' to avoid re-running this script phase.\necho \"SUCCESS\" > \"${SCRIPT_OUTPUT_FILE_0}\"\n";
			showEnvVarsInLog = 0;
		};
		65EB2FC0C0BF17CE36DEE716 /* [CP] Copy Pods Resources */ = {
			isa = PBXShellScriptBuildPhase;
			buildActionMask = 2147483647;
			files = (
			);
			inputPaths = (
			);
			name = "[CP] Copy Pods Resources";
			outputPaths = (
			);
			runOnlyForDeploymentPostprocessing = 0;
			shellPath = /bin/sh;
			shellScript = "\"${SRCROOT}/Pods/Target Support Files/Pods-Cocoapods2Tests/Pods-Cocoapods2Tests-resources.sh\"\n";
			showEnvVarsInLog = 0;
		};
		7FC4DE51401B4500954BE507 /* [CP] Embed Pods Frameworks */ = {
			isa = PBXShellScriptBuildPhase;
			buildActionMask = 2147483647;
			files = (
			);
			inputPaths = (
			);
			name = "[CP] Embed Pods Frameworks";
			outputPaths = (
			);
			runOnlyForDeploymentPostprocessing = 0;
			shellPath = /bin/sh;
			shellScript = "\"${SRCROOT}/Pods/Target Support Files/Pods-Cocoapods2UITests/Pods-Cocoapods2UITests-frameworks.sh\"\n";
			showEnvVarsInLog = 0;
		};
		EB9F8125D972408990AAE28B /* [CP] Embed Pods Frameworks */ = {
			isa = PBXShellScriptBuildPhase;
			buildActionMask = 2147483647;
			files = (
			);
			inputPaths = (
			);
			name = "[CP] Embed Pods Frameworks";
			outputPaths = (
			);
			runOnlyForDeploymentPostprocessing = 0;
			shellPath = /bin/sh;
			shellScript = "\"${SRCROOT}/Pods/Target Support Files/Pods-Cocoapods2Tests/Pods-Cocoapods2Tests-frameworks.sh\"\n";
			showEnvVarsInLog = 0;
		};
		EF9FE060D2738F02099FB320 /* [CP] Copy Pods Resources */ = {
			isa = PBXShellScriptBuildPhase;
			buildActionMask = 2147483647;
			files = (
			);
			inputPaths = (
			);
			name = "[CP] Copy Pods Resources";
			outputPaths = (
			);
			runOnlyForDeploymentPostprocessing = 0;
			shellPath = /bin/sh;
			shellScript = "\"${SRCROOT}/Pods/Target Support Files/Pods-Cocoapods2UITests/Pods-Cocoapods2UITests-resources.sh\"\n";
			showEnvVarsInLog = 0;
		};
		FBC1BF65B4C50D6AA9D4D3EF /* [CP] Embed Pods Frameworks */ = {
			isa = PBXShellScriptBuildPhase;
			buildActionMask = 2147483647;
			files = (
			);
			inputPaths = (
				"${SRCROOT}/Pods/Target Support Files/Pods-Cocoapods2/Pods-Cocoapods2-frameworks.sh",
				"${BUILT_PRODUCTS_DIR}/PKHUD/PKHUD.framework",
			);
			name = "[CP] Embed Pods Frameworks";
			outputPaths = (
				"${TARGET_BUILD_DIR}/${FRAMEWORKS_FOLDER_PATH}/PKHUD.framework",
			);
			runOnlyForDeploymentPostprocessing = 0;
			shellPath = /bin/sh;
			shellScript = "\"${SRCROOT}/Pods/Target Support Files/Pods-Cocoapods2/Pods-Cocoapods2-frameworks.sh\"\n";
			showEnvVarsInLog = 0;
		};
/* End PBXShellScriptBuildPhase section */

/* Begin PBXSourcesBuildPhase section */
		EE6C962B20412AE300755621 /* Sources */ = {
			isa = PBXSourcesBuildPhase;
			buildActionMask = 2147483647;
			files = (
				EE6C963520412AE300755621 /* ViewController.swift in Sources */,
				EE6C963320412AE300755621 /* AppDelegate.swift in Sources */,
			);
			runOnlyForDeploymentPostprocessing = 0;
		};
		EE6C963F20412AE300755621 /* Sources */ = {
			isa = PBXSourcesBuildPhase;
			buildActionMask = 2147483647;
			files = (
				EE6C964820412AE300755621 /* Cocoapods2Tests.swift in Sources */,
			);
			runOnlyForDeploymentPostprocessing = 0;
		};
		EE6C964A20412AE300755621 /* Sources */ = {
			isa = PBXSourcesBuildPhase;
			buildActionMask = 2147483647;
			files = (
				EE6C965320412AE300755621 /* Cocoapods2UITests.swift in Sources */,
			);
			runOnlyForDeploymentPostprocessing = 0;
		};
/* End PBXSourcesBuildPhase section */

/* Begin PBXTargetDependency section */
		EE6C964520412AE300755621 /* PBXTargetDependency */ = {
			isa = PBXTargetDependency;
			target = EE6C962E20412AE300755621 /* Cocoapods2 */;
			targetProxy = EE6C964420412AE300755621 /* PBXContainerItemProxy */;
		};
		EE6C965020412AE300755621 /* PBXTargetDependency */ = {
			isa = PBXTargetDependency;
			target = EE6C962E20412AE300755621 /* Cocoapods2 */;
			targetProxy = EE6C964F20412AE300755621 /* PBXContainerItemProxy */;
		};
/* End PBXTargetDependency section */

/* Begin PBXVariantGroup section */
		EE6C963620412AE300755621 /* Main.storyboard */ = {
			isa = PBXVariantGroup;
			children = (
				EE6C963720412AE300755621 /* Base */,
			);
			name = Main.storyboard;
			sourceTree = "<group>";
		};
		EE6C963B20412AE300755621 /* LaunchScreen.storyboard */ = {
			isa = PBXVariantGroup;
			children = (
				EE6C963C20412AE300755621 /* Base */,
			);
			name = LaunchScreen.storyboard;
			sourceTree = "<group>";
		};
/* End PBXVariantGroup section */

/* Begin XCBuildConfiguration section */
		EE6C965520412AE300755621 /* Debug */ = {
			isa = XCBuildConfiguration;
			buildSettings = {
				ALWAYS_SEARCH_USER_PATHS = NO;
				CLANG_ANALYZER_NONNULL = YES;
				CLANG_ANALYZER_NUMBER_OBJECT_CONVERSION = YES_AGGRESSIVE;
				CLANG_CXX_LANGUAGE_STANDARD = "gnu++14";
				CLANG_CXX_LIBRARY = "libc++";
				CLANG_ENABLE_MODULES = YES;
				CLANG_ENABLE_OBJC_ARC = YES;
				CLANG_WARN_BLOCK_CAPTURE_AUTORELEASING = YES;
				CLANG_WARN_BOOL_CONVERSION = YES;
				CLANG_WARN_COMMA = YES;
				CLANG_WARN_CONSTANT_CONVERSION = YES;
				CLANG_WARN_DIRECT_OBJC_ISA_USAGE = YES_ERROR;
				CLANG_WARN_DOCUMENTATION_COMMENTS = YES;
				CLANG_WARN_EMPTY_BODY = YES;
				CLANG_WARN_ENUM_CONVERSION = YES;
				CLANG_WARN_INFINITE_RECURSION = YES;
				CLANG_WARN_INT_CONVERSION = YES;
				CLANG_WARN_NON_LITERAL_NULL_CONVERSION = YES;
				CLANG_WARN_OBJC_LITERAL_CONVERSION = YES;
				CLANG_WARN_OBJC_ROOT_CLASS = YES_ERROR;
				CLANG_WARN_RANGE_LOOP_ANALYSIS = YES;
				CLANG_WARN_STRICT_PROTOTYPES = YES;
				CLANG_WARN_SUSPICIOUS_MOVE = YES;
				CLANG_WARN_UNGUARDED_AVAILABILITY = YES_AGGRESSIVE;
				CLANG_WARN_UNREACHABLE_CODE = YES;
				CLANG_WARN__DUPLICATE_METHOD_MATCH = YES;
				CODE_SIGN_IDENTITY = "iPhone Developer";
				COPY_PHASE_STRIP = NO;
				DEBUG_INFORMATION_FORMAT = dwarf;
				ENABLE_STRICT_OBJC_MSGSEND = YES;
				ENABLE_TESTABILITY = YES;
				GCC_C_LANGUAGE_STANDARD = gnu11;
				GCC_DYNAMIC_NO_PIC = NO;
				GCC_NO_COMMON_BLOCKS = YES;
				GCC_OPTIMIZATION_LEVEL = 0;
				GCC_PREPROCESSOR_DEFINITIONS = (
					"DEBUG=1",
					"$(inherited)",
				);
				GCC_WARN_64_TO_32_BIT_CONVERSION = YES;
				GCC_WARN_ABOUT_RETURN_TYPE = YES_ERROR;
				GCC_WARN_UNDECLARED_SELECTOR = YES;
				GCC_WARN_UNINITIALIZED_AUTOS = YES_AGGRESSIVE;
				GCC_WARN_UNUSED_FUNCTION = YES;
				GCC_WARN_UNUSED_VARIABLE = YES;
				IPHONEOS_DEPLOYMENT_TARGET = 11.2;
				MTL_ENABLE_DEBUG_INFO = YES;
				ONLY_ACTIVE_ARCH = YES;
				SDKROOT = iphoneos;
				SWIFT_ACTIVE_COMPILATION_CONDITIONS = DEBUG;
				SWIFT_OPTIMIZATION_LEVEL = "-Onone";
			};
			name = Debug;
		};
		EE6C965620412AE300755621 /* Release */ = {
			isa = XCBuildConfiguration;
			buildSettings = {
				ALWAYS_SEARCH_USER_PATHS = NO;
				CLANG_ANALYZER_NONNULL = YES;
				CLANG_ANALYZER_NUMBER_OBJECT_CONVERSION = YES_AGGRESSIVE;
				CLANG_CXX_LANGUAGE_STANDARD = "gnu++14";
				CLANG_CXX_LIBRARY = "libc++";
				CLANG_ENABLE_MODULES = YES;
				CLANG_ENABLE_OBJC_ARC = YES;
				CLANG_WARN_BLOCK_CAPTURE_AUTORELEASING = YES;
				CLANG_WARN_BOOL_CONVERSION = YES;
				CLANG_WARN_COMMA = YES;
				CLANG_WARN_CONSTANT_CONVERSION = YES;
				CLANG_WARN_DIRECT_OBJC_ISA_USAGE = YES_ERROR;
				CLANG_WARN_DOCUMENTATION_COMMENTS = YES;
				CLANG_WARN_EMPTY_BODY = YES;
				CLANG_WARN_ENUM_CONVERSION = YES;
				CLANG_WARN_INFINITE_RECURSION = YES;
				CLANG_WARN_INT_CONVERSION = YES;
				CLANG_WARN_NON_LITERAL_NULL_CONVERSION = YES;
				CLANG_WARN_OBJC_LITERAL_CONVERSION = YES;
				CLANG_WARN_OBJC_ROOT_CLASS = YES_ERROR;
				CLANG_WARN_RANGE_LOOP_ANALYSIS = YES;
				CLANG_WARN_STRICT_PROTOTYPES = YES;
				CLANG_WARN_SUSPICIOUS_MOVE = YES;
				CLANG_WARN_UNGUARDED_AVAILABILITY = YES_AGGRESSIVE;
				CLANG_WARN_UNREACHABLE_CODE = YES;
				CLANG_WARN__DUPLICATE_METHOD_MATCH = YES;
				CODE_SIGN_IDENTITY = "iPhone Developer";
				COPY_PHASE_STRIP = NO;
				DEBUG_INFORMATION_FORMAT = "dwarf-with-dsym";
				ENABLE_NS_ASSERTIONS = NO;
				ENABLE_STRICT_OBJC_MSGSEND = YES;
				GCC_C_LANGUAGE_STANDARD = gnu11;
				GCC_NO_COMMON_BLOCKS = YES;
				GCC_WARN_64_TO_32_BIT_CONVERSION = YES;
				GCC_WARN_ABOUT_RETURN_TYPE = YES_ERROR;
				GCC_WARN_UNDECLARED_SELECTOR = YES;
				GCC_WARN_UNINITIALIZED_AUTOS = YES_AGGRESSIVE;
				GCC_WARN_UNUSED_FUNCTION = YES;
				GCC_WARN_UNUSED_VARIABLE = YES;
				IPHONEOS_DEPLOYMENT_TARGET = 11.2;
				MTL_ENABLE_DEBUG_INFO = NO;
				SDKROOT = iphoneos;
				SWIFT_OPTIMIZATION_LEVEL = "-Owholemodule";
				VALIDATE_PRODUCT = YES;
			};
			name = Release;
		};
		EE6C965820412AE300755621 /* Debug */ = {
			isa = XCBuildConfiguration;
			baseConfigurationReference = D20121643CC579F2EC9EAB33 /* Pods-Cocoapods2.debug.xcconfig */;
			buildSettings = {
				ASSETCATALOG_COMPILER_APPICON_NAME = AppIcon;
				CODE_SIGN_STYLE = Automatic;
				DEVELOPMENT_TEAM = TV84SER6Y3;
				INFOPLIST_FILE = Cocoapods2/Info.plist;
				LD_RUNPATH_SEARCH_PATHS = "$(inherited) @executable_path/Frameworks";
				PRODUCT_BUNDLE_IDENTIFIER = maho.com.Cocoapods2;
				PRODUCT_NAME = "$(TARGET_NAME)";
				SWIFT_VERSION = 4.0;
				TARGETED_DEVICE_FAMILY = "1,2";
			};
			name = Debug;
		};
		EE6C965920412AE300755621 /* Release */ = {
			isa = XCBuildConfiguration;
			baseConfigurationReference = AC56EF800F33B1135AFFD80E /* Pods-Cocoapods2.release.xcconfig */;
			buildSettings = {
				ASSETCATALOG_COMPILER_APPICON_NAME = AppIcon;
				CODE_SIGN_STYLE = Automatic;
				DEVELOPMENT_TEAM = TV84SER6Y3;
				INFOPLIST_FILE = Cocoapods2/Info.plist;
				LD_RUNPATH_SEARCH_PATHS = "$(inherited) @executable_path/Frameworks";
				PRODUCT_BUNDLE_IDENTIFIER = maho.com.Cocoapods2;
				PRODUCT_NAME = "$(TARGET_NAME)";
				SWIFT_VERSION = 4.0;
				TARGETED_DEVICE_FAMILY = "1,2";
			};
			name = Release;
		};
		EE6C965B20412AE300755621 /* Debug */ = {
			isa = XCBuildConfiguration;
			baseConfigurationReference = CE0DC026DECE1E0B4ACDBA49 /* Pods-Cocoapods2Tests.debug.xcconfig */;
			buildSettings = {
				ALWAYS_EMBED_SWIFT_STANDARD_LIBRARIES = YES;
				BUNDLE_LOADER = "$(TEST_HOST)";
				CODE_SIGN_STYLE = Automatic;
				INFOPLIST_FILE = Cocoapods2Tests/Info.plist;
				LD_RUNPATH_SEARCH_PATHS = "$(inherited) @executable_path/Frameworks @loader_path/Frameworks";
				PRODUCT_BUNDLE_IDENTIFIER = maho.com.Cocoapods2Tests;
				PRODUCT_NAME = "$(TARGET_NAME)";
				SWIFT_VERSION = 4.0;
				TARGETED_DEVICE_FAMILY = "1,2";
				TEST_HOST = "$(BUILT_PRODUCTS_DIR)/Cocoapods2.app/Cocoapods2";
			};
			name = Debug;
		};
		EE6C965C20412AE300755621 /* Release */ = {
			isa = XCBuildConfiguration;
			baseConfigurationReference = 8A36C94B464763EE39275F49 /* Pods-Cocoapods2Tests.release.xcconfig */;
			buildSettings = {
				ALWAYS_EMBED_SWIFT_STANDARD_LIBRARIES = YES;
				BUNDLE_LOADER = "$(TEST_HOST)";
				CODE_SIGN_STYLE = Automatic;
				INFOPLIST_FILE = Cocoapods2Tests/Info.plist;
				LD_RUNPATH_SEARCH_PATHS = "$(inherited) @executable_path/Frameworks @loader_path/Frameworks";
				PRODUCT_BUNDLE_IDENTIFIER = maho.com.Cocoapods2Tests;
				PRODUCT_NAME = "$(TARGET_NAME)";
				SWIFT_VERSION = 4.0;
				TARGETED_DEVICE_FAMILY = "1,2";
				TEST_HOST = "$(BUILT_PRODUCTS_DIR)/Cocoapods2.app/Cocoapods2";
			};
			name = Release;
		};
		EE6C965E20412AE300755621 /* Debug */ = {
			isa = XCBuildConfiguration;
			baseConfigurationReference = 179F161404DBF259BE820510 /* Pods-Cocoapods2UITests.debug.xcconfig */;
			buildSettings = {
				ALWAYS_EMBED_SWIFT_STANDARD_LIBRARIES = YES;
				CODE_SIGN_STYLE = Automatic;
				INFOPLIST_FILE = Cocoapods2UITests/Info.plist;
				LD_RUNPATH_SEARCH_PATHS = "$(inherited) @executable_path/Frameworks @loader_path/Frameworks";
				PRODUCT_BUNDLE_IDENTIFIER = maho.com.Cocoapods2UITests;
				PRODUCT_NAME = "$(TARGET_NAME)";
				SWIFT_VERSION = 4.0;
				TARGETED_DEVICE_FAMILY = "1,2";
				TEST_TARGET_NAME = Cocoapods2;
			};
			name = Debug;
		};
		EE6C965F20412AE300755621 /* Release */ = {
			isa = XCBuildConfiguration;
			baseConfigurationReference = 523F706135523C008F101996 /* Pods-Cocoapods2UITests.release.xcconfig */;
			buildSettings = {
				ALWAYS_EMBED_SWIFT_STANDARD_LIBRARIES = YES;
				CODE_SIGN_STYLE = Automatic;
				INFOPLIST_FILE = Cocoapods2UITests/Info.plist;
				LD_RUNPATH_SEARCH_PATHS = "$(inherited) @executable_path/Frameworks @loader_path/Frameworks";
				PRODUCT_BUNDLE_IDENTIFIER = maho.com.Cocoapods2UITests;
				PRODUCT_NAME = "$(TARGET_NAME)";
				SWIFT_VERSION = 4.0;
				TARGETED_DEVICE_FAMILY = "1,2";
				TEST_TARGET_NAME = Cocoapods2;
			};
			name = Release;
		};
/* End XCBuildConfiguration section */

/* Begin XCConfigurationList section */
		EE6C962A20412AE300755621 /* Build configuration list for PBXProject "Cocoapods2" */ = {
			isa = XCConfigurationList;
			buildConfigurations = (
				EE6C965520412AE300755621 /* Debug */,
				EE6C965620412AE300755621 /* Release */,
			);
			defaultConfigurationIsVisible = 0;
			defaultConfigurationName = Release;
		};
		EE6C965720412AE300755621 /* Build configuration list for PBXNativeTarget "Cocoapods2" */ = {
			isa = XCConfigurationList;
			buildConfigurations = (
				EE6C965820412AE300755621 /* Debug */,
				EE6C965920412AE300755621 /* Release */,
			);
			defaultConfigurationIsVisible = 0;
			defaultConfigurationName = Release;
		};
		EE6C965A20412AE300755621 /* Build configuration list for PBXNativeTarget "Cocoapods2Tests" */ = {
			isa = XCConfigurationList;
			buildConfigurations = (
				EE6C965B20412AE300755621 /* Debug */,
				EE6C965C20412AE300755621 /* Release */,
			);
			defaultConfigurationIsVisible = 0;
			defaultConfigurationName = Release;
		};
		EE6C965D20412AE300755621 /* Build configuration list for PBXNativeTarget "Cocoapods2UITests" */ = {
			isa = XCConfigurationList;
			buildConfigurations = (
				EE6C965E20412AE300755621 /* Debug */,
				EE6C965F20412AE300755621 /* Release */,
			);
			defaultConfigurationIsVisible = 0;
			defaultConfigurationName = Release;
		};
/* End XCConfigurationList section */
	};
	rootObject = EE6C962720412AE300755621 /* Project object */;
}
